<?xml version="1.0" encoding="utf-8"?>
<Project ToolsVersion="4.0" xmlns="http://schemas.microsoft.com/developer/msbuild/2003">
  <ItemGroup>
    <Filter Include="ソース ファイル">
      <UniqueIdentifier>{4FC737F1-C7A5-4376-A066-2A32D752A2FF}</UniqueIdentifier>
      <Extensions>cpp;c;cc;cxx;c++;cppm;ixx;def;odl;idl;hpj;bat;asm;asmx</Extensions>
    </Filter>
    <Filter Include="シェーダ ファイル">
      <UniqueIdentifier>{bf37cf7d-f251-4a63-8470-5b9359b9b57d}</UniqueIdentifier>
    </Filter>
    <Filter Include="ヘッダ ファイル">
      <UniqueIdentifier>{2488e371-56ff-4c4a-965e-02a85c9493ec}</UniqueIdentifier>
    </Filter>
    <Filter Include="3D">
      <UniqueIdentifier>{26aae6d9-8c06-4dec-bd5d-0bbf67bc3fb8}</UniqueIdentifier>
    </Filter>
    <Filter Include="2D">
      <UniqueIdentifier>{5643292a-0e45-4efa-94aa-ec5cc0393947}</UniqueIdentifier>
    </Filter>
    <Filter Include="2D\Sprite">
      <UniqueIdentifier>{70d5a2d9-fe20-41ce-8b65-b4056398c1c1}</UniqueIdentifier>
    </Filter>
    <Filter Include="2D\DebugText">
      <UniqueIdentifier>{e3fbeecb-b914-4b67-9486-c82b6a9fc9ac}</UniqueIdentifier>
    </Filter>
    <Filter Include="Input">
      <UniqueIdentifier>{6bb8e23c-a0a8-43cd-82a8-356949ccb222}</UniqueIdentifier>
    </Filter>
    <Filter Include="Camera">
      <UniqueIdentifier>{fdc0cf07-70e7-4a36-a95f-07bd90c38eb5}</UniqueIdentifier>
    </Filter>
    <Filter Include="3D\Particle">
      <UniqueIdentifier>{d0859231-da73-4f41-b495-2099a75c9b72}</UniqueIdentifier>
    </Filter>
    <Filter Include="2D\PostEffect">
      <UniqueIdentifier>{5ea10509-88da-4e4c-b601-356cb26734fa}</UniqueIdentifier>
    </Filter>
    <Filter Include="3D\OBJ">
      <UniqueIdentifier>{bf51be95-e1ae-4b59-97b2-bab82777df36}</UniqueIdentifier>
    </Filter>
    <Filter Include="3D\OBJ\ObjModel">
      <UniqueIdentifier>{b7108bf9-d94e-4714-b3f5-c551472ae236}</UniqueIdentifier>
    </Filter>
    <Filter Include="3D\OBJ\ObjMesh">
      <UniqueIdentifier>{f97afa36-e1da-473d-826b-41584715f47f}</UniqueIdentifier>
    </Filter>
    <Filter Include="3D\OBJ\ObjMaterial">
      <UniqueIdentifier>{66deeb04-d331-47e2-9496-b26af53276f8}</UniqueIdentifier>
    </Filter>
    <Filter Include="3D\OBJ\ObjObject">
      <UniqueIdentifier>{8d4f662d-b328-4c2b-9f02-3b8d2f416882}</UniqueIdentifier>
    </Filter>
    <Filter Include="3D\FBX">
      <UniqueIdentifier>{09439076-f7cf-408b-8f38-dc17b8616ac6}</UniqueIdentifier>
    </Filter>
    <Filter Include="3D\FBX\FbxLoader">
      <UniqueIdentifier>{a8ad0354-a10c-4a9d-9372-9160ef082fe1}</UniqueIdentifier>
    </Filter>
    <Filter Include="3D\FBX\FbxModel">
      <UniqueIdentifier>{3acfd19f-4e7a-4440-97fe-d3fe49f97134}</UniqueIdentifier>
    </Filter>
    <Filter Include="3D\FBX\FbxObject">
      <UniqueIdentifier>{cfe713fc-ff28-4f73-9a15-65b6518fe75c}</UniqueIdentifier>
    </Filter>
    <Filter Include="Sound">
      <UniqueIdentifier>{cd3791eb-8182-48b9-bb2e-fbfc9a3dfca4}</UniqueIdentifier>
    </Filter>
    <Filter Include="EngineBase">
      <UniqueIdentifier>{3daa5a77-8d23-4194-8e38-0a807118291f}</UniqueIdentifier>
    </Filter>
    <Filter Include="GameScreen">
      <UniqueIdentifier>{752d52de-1177-4280-9561-bcaf4bc070a8}</UniqueIdentifier>
    </Filter>
    <Filter Include="Collider">
      <UniqueIdentifier>{e536b6eb-ed67-40db-9f89-c38934df73f3}</UniqueIdentifier>
    </Filter>
  </ItemGroup>
  <ItemGroup>
    <ClCompile Include="main.cpp">
      <Filter>ソース ファイル</Filter>
    </ClCompile>
    <ClCompile Include="FBX\FbxLoader.cpp">
      <Filter>3D\FBX\FbxLoader</Filter>
    </ClCompile>
    <ClCompile Include="FBX\FbxModel.cpp">
      <Filter>3D\FBX\FbxModel</Filter>
    </ClCompile>
    <ClCompile Include="Particle\ParticleManager.cpp">
      <Filter>3D\Particle</Filter>
    </ClCompile>
    <ClCompile Include="PostEffect\PostEffect.cpp">
      <Filter>2D\PostEffect</Filter>
    </ClCompile>
    <ClCompile Include="Input\Input.cpp">
      <Filter>Input</Filter>
    </ClCompile>
    <ClCompile Include="Camera\Camera.cpp">
      <Filter>Camera</Filter>
    </ClCompile>
    <ClCompile Include="DebugText\DebugText.cpp">
      <Filter>2D\DebugText</Filter>
    </ClCompile>
    <ClCompile Include="Sprite\Sprite.cpp">
      <Filter>2D\Sprite</Filter>
    </ClCompile>
    <ClCompile Include="EngineBase\DirectXCommon.cpp">
      <Filter>EngineBase</Filter>
    </ClCompile>
    <ClCompile Include="EngineBase\WinApp.cpp">
      <Filter>EngineBase</Filter>
    </ClCompile>
    <ClCompile Include="FBX\FbxObject.cpp">
      <Filter>3D\FBX\FbxObject</Filter>
    </ClCompile>
    <ClCompile Include="OBJ\ObjMaterial.cpp">
      <Filter>3D\OBJ\ObjMaterial</Filter>
    </ClCompile>
    <ClCompile Include="OBJ\ObjMesh.cpp">
      <Filter>3D\OBJ\ObjMesh</Filter>
    </ClCompile>
    <ClCompile Include="OBJ\ObjModel.cpp">
      <Filter>3D\OBJ\ObjModel</Filter>
    </ClCompile>
    <ClCompile Include="OBJ\ObjObject.cpp">
      <Filter>3D\OBJ\ObjObject</Filter>
    </ClCompile>
    <ClCompile Include="Sound\Sound.cpp">
      <Filter>Sound</Filter>
    </ClCompile>
    <ClCompile Include="GameScreen\GameScreen.cpp">
      <Filter>GameScreen</Filter>
    </ClCompile>
    <ClCompile Include="Player.cpp">
      <Filter>ソース ファイル</Filter>
    </ClCompile>
    <ClCompile Include="Collider\Collision.cpp">
      <Filter>Collider</Filter>
    </ClCompile>
    <ClCompile Include="Collider\CollisionManager.cpp">
      <Filter>Collider</Filter>
    </ClCompile>
    <ClCompile Include="Collider\CollisionPrimitive.cpp">
      <Filter>Collider</Filter>
    </ClCompile>
    <ClCompile Include="Collider\SphereCollider.cpp">
      <Filter>Collider</Filter>
    </ClCompile>
    <ClCompile Include="Bullet.cpp">
      <Filter>ソース ファイル</Filter>
    </ClCompile>
    <ClCompile Include="Boss.cpp">
      <Filter>ソース ファイル</Filter>
    </ClCompile>
    <ClCompile Include="BossBullet.cpp">
      <Filter>ソース ファイル</Filter>
    </ClCompile>
    <ClCompile Include="Spline.cpp">
      <Filter>ソース ファイル</Filter>
    </ClCompile>
    <ClCompile Include="BossTargetBullet.cpp">
      <Filter>ソース ファイル</Filter>
    </ClCompile>
    <ClCompile Include="GamePad.cpp">
      <Filter>ソース ファイル</Filter>
    </ClCompile>
    <ClCompile Include="ScoreText.cpp">
      <Filter>ソース ファイル</Filter>
    </ClCompile>
  </ItemGroup>
  <ItemGroup>
    <None Include="Resources\shaders\FBX.hlsli">
      <Filter>シェーダ ファイル</Filter>
    </None>
    <None Include="Resources\shaders\Particle.hlsli">
      <Filter>シェーダ ファイル</Filter>
    </None>
    <None Include="Resources\shaders\Sprite.hlsli">
      <Filter>シェーダ ファイル</Filter>
    </None>
    <None Include="Resources\shaders\PostEffect.hlsli">
      <Filter>シェーダ ファイル</Filter>
    </None>
    <None Include="Resources\Shaders\OBJ.hlsli">
      <Filter>シェーダ ファイル</Filter>
    </None>
  </ItemGroup>
  <ItemGroup>
    <FxCompile Include="Resources\shaders\FBXPS.hlsl">
      <Filter>シェーダ ファイル</Filter>
    </FxCompile>
    <FxCompile Include="Resources\shaders\FBXVS.hlsl">
      <Filter>シェーダ ファイル</Filter>
    </FxCompile>
    <FxCompile Include="Resources\shaders\ParticleGS.hlsl">
      <Filter>シェーダ ファイル</Filter>
    </FxCompile>
    <FxCompile Include="Resources\shaders\ParticlePS.hlsl">
      <Filter>シェーダ ファイル</Filter>
    </FxCompile>
    <FxCompile Include="Resources\shaders\ParticleVS.hlsl">
      <Filter>シェーダ ファイル</Filter>
    </FxCompile>
    <FxCompile Include="Resources\shaders\SpritePS.hlsl">
      <Filter>シェーダ ファイル</Filter>
    </FxCompile>
    <FxCompile Include="Resources\shaders\SpriteVS.hlsl">
      <Filter>シェーダ ファイル</Filter>
    </FxCompile>
    <FxCompile Include="Resources\shaders\PostEffectPS.hlsl">
      <Filter>シェーダ ファイル</Filter>
    </FxCompile>
    <FxCompile Include="Resources\shaders\PostEffectVS.hlsl">
      <Filter>シェーダ ファイル</Filter>
    </FxCompile>
    <FxCompile Include="Resources\Shaders\OBJPS.hlsl">
      <Filter>シェーダ ファイル</Filter>
    </FxCompile>
    <FxCompile Include="Resources\Shaders\OBJVS.hlsl">
      <Filter>シェーダ ファイル</Filter>
    </FxCompile>
  </ItemGroup>
  <ItemGroup>
    <ClInclude Include="FBX\FbxLoader.h">
      <Filter>3D\FBX\FbxLoader</Filter>
    </ClInclude>
    <ClInclude Include="FBX\FbxModel.h">
      <Filter>3D\FBX\FbxModel</Filter>
    </ClInclude>
    <ClInclude Include="Particle\ParticleManager.h">
      <Filter>3D\Particle</Filter>
    </ClInclude>
    <ClInclude Include="PostEffect\PostEffect.h">
      <Filter>2D\PostEffect</Filter>
    </ClInclude>
    <ClInclude Include="Input\Input.h">
      <Filter>Input</Filter>
    </ClInclude>
    <ClInclude Include="Camera\Camera.h">
      <Filter>Camera</Filter>
    </ClInclude>
    <ClInclude Include="DebugText\DebugText.h">
      <Filter>2D\DebugText</Filter>
    </ClInclude>
    <ClInclude Include="Sprite\Sprite.h">
      <Filter>2D\Sprite</Filter>
    </ClInclude>
    <ClInclude Include="EngineBase\DirectXCommon.h">
      <Filter>EngineBase</Filter>
    </ClInclude>
    <ClInclude Include="EngineBase\SafeDelete.h">
      <Filter>EngineBase</Filter>
    </ClInclude>
    <ClInclude Include="EngineBase\WinApp.h">
      <Filter>EngineBase</Filter>
    </ClInclude>
    <ClInclude Include="FBX\FbxObject.h">
      <Filter>3D\FBX\FbxObject</Filter>
    </ClInclude>
    <ClInclude Include="OBJ\ObjMaterial.h">
      <Filter>3D\OBJ\ObjMaterial</Filter>
    </ClInclude>
    <ClInclude Include="OBJ\ObjMesh.h">
      <Filter>3D\OBJ\ObjMesh</Filter>
    </ClInclude>
    <ClInclude Include="OBJ\ObjModel.h">
      <Filter>3D\OBJ\ObjModel</Filter>
    </ClInclude>
    <ClInclude Include="OBJ\ObjObject.h">
      <Filter>3D\OBJ\ObjObject</Filter>
    </ClInclude>
    <ClInclude Include="Sound\Sound.h">
      <Filter>Sound</Filter>
    </ClInclude>
    <ClInclude Include="GameScreen\GameScreen.h">
      <Filter>GameScreen</Filter>
    </ClInclude>
    <ClInclude Include="Player.h" />
    <ClInclude Include="Collider\BaseCollider.h">
      <Filter>Collider</Filter>
    </ClInclude>
    <ClInclude Include="Collider\Collision.h">
      <Filter>Collider</Filter>
    </ClInclude>
    <ClInclude Include="Collider\CollisionInfo.h">
      <Filter>Collider</Filter>
    </ClInclude>
    <ClInclude Include="Collider\CollisionManager.h">
      <Filter>Collider</Filter>
    </ClInclude>
    <ClInclude Include="Collider\CollisionPrimitive.h">
      <Filter>Collider</Filter>
    </ClInclude>
    <ClInclude Include="Collider\CollisionTypes.h">
      <Filter>Collider</Filter>
    </ClInclude>
    <ClInclude Include="Collider\RaycastHit.h">
      <Filter>Collider</Filter>
    </ClInclude>
    <ClInclude Include="Collider\SphereCollider.h">
      <Filter>Collider</Filter>
    </ClInclude>
    <ClInclude Include="Bullet.h" />
    <ClInclude Include="Boss.h" />
    <ClInclude Include="BossBullet.h" />
    <ClInclude Include="Spline.h" />
    <ClInclude Include="BossTargetBullet.h" />
    <ClInclude Include="GamePad.h" />
    <ClInclude Include="ScoreText.h" />
  </ItemGroup>
</Project>